// !$*UTF8*$!
{
	archiveVersion = 1;
	classes = {
	};
	objectVersion = 46;
	objects = {

/* Begin PBXBuildFile section */
		9AD51141159177AF00BEC7FE /* UIKit.framework in Frameworks */ = {isa = PBXBuildFile; fileRef = 9AD51140159177AF00BEC7FE /* UIKit.framework */; };
		9AD51143159177AF00BEC7FE /* Foundation.framework in Frameworks */ = {isa = PBXBuildFile; fileRef = 9AD51142159177AF00BEC7FE /* Foundation.framework */; };
		9AD51145159177AF00BEC7FE /* CoreGraphics.framework in Frameworks */ = {isa = PBXBuildFile; fileRef = 9AD51144159177AF00BEC7FE /* CoreGraphics.framework */; };
		9AD5114B159177AF00BEC7FE /* InfoPlist.strings in Resources */ = {isa = PBXBuildFile; fileRef = 9AD51149159177AF00BEC7FE /* InfoPlist.strings */; };
		9AD5114D159177AF00BEC7FE /* main.m in Sources */ = {isa = PBXBuildFile; fileRef = 9AD5114C159177AF00BEC7FE /* main.m */; };
		9AD51151159177B000BEC7FE /* RotationAppDelegate.m in Sources */ = {isa = PBXBuildFile; fileRef = 9AD51150159177B000BEC7FE /* RotationAppDelegate.m */; };
/* End PBXBuildFile section */

/* Begin PBXFileReference section */
		9AD5113C159177AF00BEC7FE /* HeavyRotation.app */ = {isa = PBXFileReference; explicitFileType = wrapper.application; includeInIndex = 0; path = HeavyRotation.app; sourceTree = BUILT_PRODUCTS_DIR; };
		9AD51140159177AF00BEC7FE /* UIKit.framework */ = {isa = PBXFileReference; lastKnownFileType = wrapper.framework; name = UIKit.framework; path = System/Library/Frameworks/UIKit.framework; sourceTree = SDKROOT; };
		9AD51142159177AF00BEC7FE /* Foundation.framework */ = {isa = PBXFileReference; lastKnownFileType = wrapper.framework; name = Foundation.framework; path = System/Library/Frameworks/Foundation.framework; sourceTree = SDKROOT; };
		9AD51144159177AF00BEC7FE /* CoreGraphics.framework */ = {isa = PBXFileReference; lastKnownFileType = wrapper.framework; name = CoreGraphics.framework; path = System/Library/Frameworks/CoreGraphics.framework; sourceTree = SDKROOT; };
		9AD51148159177AF00BEC7FE /* HeavyRotation-Info.plist */ = {isa = PBXFileReference; path = "HeavyRotation-Info.plist"; sourceTree = "<group>"; };
		9AD5114A159177AF00BEC7FE /* en */ = {isa = PBXFileReference; lastKnownFileType = text.plist.strings; name = en; path = en.lproj/InfoPlist.strings; sourceTree = "<group>"; };
		9AD5114C159177AF00BEC7FE /* main.m */ = {isa = PBXFileReference; lastKnownFileType = sourcecode.c.objc; path = main.m; sourceTree = "<group>"; };
		9AD5114E159177AF00BEC7FE /* HeavyRotation-Prefix.pch */ = {isa = PBXFileReference; path = "HeavyRotation-Prefix.pch"; sourceTree = "<group>"; };
		9AD5114F159177B000BEC7FE /* RotationAppDelegate.h */ = {isa = PBXFileReference; path = RotationAppDelegate.h; sourceTree = "<group>"; };
		9AD51150159177B000BEC7FE /* RotationAppDelegate.m */ = {isa = PBXFileReference; lastKnownFileType = sourcecode.c.objc; path = RotationAppDelegate.m; sourceTree = "<group>"; };
/* End PBXFileReference section */

/* Begin PBXFrameworksBuildPhase section */
		9AD51139159177AF00BEC7FE /* Frameworks */ = {
			isa = PBXFrameworksBuildPhase;
			buildActionMask = 2147483647;
			files = (
				9AD51141159177AF00BEC7FE /* UIKit.framework in Frameworks */,
				9AD51143159177AF00BEC7FE /* Foundation.framework in Frameworks */,
				9AD51145159177AF00BEC7FE /* CoreGraphics.framework in Frameworks */,
			);
			runOnlyForDeploymentPostprocessing = 0;
		};
/* End PBXFrameworksBuildPhase section */

/* Begin PBXGroup section */
		9AD51131159177AF00BEC7FE = {
			isa = PBXGroup;
			children = (
				9AD51146159177AF00BEC7FE /* HeavyRotation */,
				9AD5113F159177AF00BEC7FE /* Frameworks */,
				9AD5113D159177AF00BEC7FE /* Products */,
			);
			sourceTree = "<group>";
		};
		9AD5113D159177AF00BEC7FE /* Products */ = {
			isa = PBXGroup;
			children = (
				9AD5113C159177AF00BEC7FE /* HeavyRotation.app */,
			);
			name = Products;
			sourceTree = "<group>";
		};
		9AD5113F159177AF00BEC7FE /* Frameworks */ = {
			isa = PBXGroup;
			children = (
				9AD51140159177AF00BEC7FE /* UIKit.framework */,
				9AD51142159177AF00BEC7FE /* Foundation.framework */,
				9AD51144159177AF00BEC7FE /* CoreGraphics.framework */,
			);
			name = Frameworks;
			sourceTree = "<group>";
		};
		9AD51146159177AF00BEC7FE /* HeavyRotation */ = {
			isa = PBXGroup;
			children = (
				9AD5114F159177B000BEC7FE /* RotationAppDelegate.h */,
				9AD51150159177B000BEC7FE /* RotationAppDelegate.m */,
				9AD51147159177AF00BEC7FE /* Supporting Files */,
			);
			path = HeavyRotation;
			sourceTree = "<group>";
		};
		9AD51147159177AF00BEC7FE /* Supporting Files */ = {
			isa = PBXGroup;
			children = (
				9AD51148159177AF00BEC7FE /* HeavyRotation-Info.plist */,
				9AD51149159177AF00BEC7FE /* InfoPlist.strings */,
				9AD5114C159177AF00BEC7FE /* main.m */,
				9AD5114E159177AF00BEC7FE /* HeavyRotation-Prefix.pch */,
			);
			name = "Supporting Files";
			sourceTree = "<group>";
		};
/* End PBXGroup section */

/* Begin PBXNativeTarget section */
		9AD5113B159177AF00BEC7FE /* HeavyRotation */ = {
			isa = PBXNativeTarget;
			buildConfigurationList = 9AD51154159177B000BEC7FE /* Build configuration list for PBXNativeTarget "HeavyRotation" */;
			buildPhases = (
				9AD51138159177AF00BEC7FE /* Sources */,
				9AD51139159177AF00BEC7FE /* Frameworks */,
				9AD5113A159177AF00BEC7FE /* Resources */,
			);
			buildRules = (
			);
			dependencies = (
			);
			name = HeavyRotation;
			productName = HeavyRotation;
			productReference = 9AD5113C159177AF00BEC7FE /* HeavyRotation.app */;
			productType = "com.apple.product-type.application";
		};
/* End PBXNativeTarget section */

/* Begin PBXProject section */
		9AD51133159177AF00BEC7FE /* Project object */ = {
			isa = PBXProject;
			attributes = {
				CLASSPREFIX = Rotation;
				LastUpgradeCheck = 0430;
			};
			buildConfigurationList = 9AD51136159177AF00BEC7FE /* Build configuration list for PBXProject "HeavyRotation" */;
			compatibilityVersion = "Xcode 3.2";
			developmentRegion = English;
			hasScannedForEncodings = 0;
			knownRegions = (
				en,
			);
			mainGroup = 9AD51131159177AF00BEC7FE;
			productRefGroup = 9AD5113D159177AF00BEC7FE /* Products */;
			projectDirPath = "";
			projectRoot = "";
			targets = (
				9AD5113B159177AF00BEC7FE /* HeavyRotation */,
			);
		};
/* End PBXProject section */

/* Begin PBXResourcesBuildPhase section */
		9AD5113A159177AF00BEC7FE /* Resources */ = {
			isa = PBXResourcesBuildPhase;
			buildActionMask = 2147483647;
			files = (
				9AD5114B159177AF00BEC7FE /* InfoPlist.strings in Resources */,
			);
			runOnlyForDeploymentPostprocessing = 0;
		};
/* End PBXResourcesBuildPhase section */

/* Begin PBXSourcesBuildPhase section */
		9AD51138159177AF00BEC7FE /* Sources */ = {
			isa = PBXSourcesBuildPhase;
			buildActionMask = 2147483647;
			files = (
				9AD5114D159177AF00BEC7FE /* main.m in Sources */,
				9AD51151159177B000BEC7FE /* RotationAppDelegate.m in Sources */,
			);
			runOnlyForDeploymentPostprocessing = 0;
		};
/* End PBXSourcesBuildPhase section */

/* Begin PBXVariantGroup section */
		9AD51149159177AF00BEC7FE /* InfoPlist.strings */ = {
			isa = PBXVariantGroup;
			children = (
				9AD5114A159177AF00BEC7FE /* en */,
			);
			name = InfoPlist.strings;
			sourceTree = "<group>";
		};
/* End PBXVariantGroup section */

/* Begin XCBuildConfiguration section */
		9AD51152159177B000BEC7FE /* Debug */ = {
			isa = XCBuildConfiguration;
			buildSettings = {
				ALWAYS_SEARCH_USER_PATHS = NO;
				ARCHS = "$(ARCHS_STANDARD_32_BIT)";
				CLANG_ENABLE_OBJC_ARC = YES;
				"CODE_SIGN_IDENTITY[sdk=iphoneos*]" = "iPhone Developer";
				COPY_PHASE_STRIP = NO;
				GCC_C_LANGUAGE_STANDARD = gnu99;
				GCC_DYNAMIC_NO_PIC = NO;
				GCC_OPTIMIZATION_LEVEL = 0;
				GCC_PREPROCESSOR_DEFINITIONS = (
					"DEBUG=1",
					"$(inherited)",
				);
				GCC_SYMBOLS_PRIVATE_EXTERN = NO;
				GCC_VERSION = com.apple.compilers.llvm.clang.1_0;
				GCC_WARN_ABOUT_RETURN_TYPE = YES;
				GCC_WARN_UNINITIALIZED_AUTOS = YES;
				GCC_WARN_UNUSED_VARIABLE = YES;
				IPHONEOS_DEPLOYMENT_TARGET = 5.1;
				SDKROOT = iphoneos;
			};
			name = Debug;
		};
		9AD51153159177B000BEC7FE /* Release */ = {
			isa = XCBuildConfiguration;
			buildSettings = {
				ALWAYS_SEARCH_USER_PATHS = NO;
				ARCHS = "$(ARCHS_STANDARD_32_BIT)";
				CLANG_ENABLE_OBJC_ARC = YES;
				"CODE_SIGN_IDENTITY[sdk=iphoneos*]" = "iPhone Developer";
				COPY_PHASE_STRIP = YES;
				GCC_C_LANGUAGE_STANDARD = gnu99;
				GCC_VERSION = com.apple.compilers.llvm.clang.1_0;
				GCC_WARN_ABOUT_RETURN_TYPE = YES;
				GCC_WARN_UNINITIALIZED_AUTOS = YES;
				GCC_WARN_UNUSED_VARIABLE = YES;
				IPHONEOS_DEPLOYMENT_TARGET = 5.1;
				OTHER_CFLAGS = "-DNS_BLOCK_ASSERTIONS=1";
				SDKROOT = iphoneos;
				VALIDATE_PRODUCT = YES;
			};
			name = Release;
		};
		9AD51155159177B000BEC7FE /* Debug */ = {
			isa = XCBuildConfiguration;
			buildSettings = {
				GCC_PRECOMPILE_PREFIX_HEADER = YES;
				GCC_PREFIX_HEADER = "HeavyRotation/HeavyRotation-Prefix.pch";
				INFOPLIST_FILE = "HeavyRotation/HeavyRotation-Info.plist";
				PRODUCT_NAME = "$(TARGET_NAME)";
				WRAPPER_EXTENSION = app;
			};
			name = Debug;
		};
		9AD51156159177B000BEC7FE /* Release */ = {
			isa = XCBuildConfiguration;
			buildSettings = {
				GCC_PRECOMPILE_PREFIX_HEADER = YES;
				GCC_PREFIX_HEADER = "HeavyRotation/HeavyRotation-Prefix.pch";
				INFOPLIST_FILE = "HeavyRotation/HeavyRotation-Info.plist";
				PRODUCT_NAME = "$(TARGET_NAME)";
				WRAPPER_EXTENSION = app;
			};
			name = Release;
		};
/* End XCBuildConfiguration section */

/* Begin XCConfigurationList section */
		9AD51136159177AF00BEC7FE /* Build configuration list for PBXProject "HeavyRotation" */ = {
			isa = XCConfigurationList;
			buildConfigurations = (
				9AD51152159177B000BEC7FE /* Debug */,
				9AD51153159177B000BEC7FE /* Release */,
			);
			defaultConfigurationIsVisible = 0;
			defaultConfigurationName = Release;
		};
		9AD51154159177B000BEC7FE /* Build configuration list for PBXNativeTarget "HeavyRotation" */ = {
			isa = XCConfigurationList;
			buildConfigurations = (
				9AD51155159177B000BEC7FE /* Debug */,
				9AD51156159177B000BEC7FE /* Release */,
			);
			defaultConfigurationIsVisible = 0;
		};
/* End XCConfigurationList section */
	};
	rootObject = 9AD51133159177AF00BEC7FE /* Project object */;
}
